
Microsoft Visual Studio Solution File, Format Version 12.00
# Visual Studio 15
VisualStudioVersion = 15.0.26730.16
MinimumVisualStudioVersion = 10.0.40219.1
Project("{FAE04EC0-301F-11D3-BF4B-00C04F79EFBC}") = "HapsApi", "HapsApi\HapsApi.csproj", "{CF762419-1DD5-4075-A71B-65D93A251691}"
EndProject
Project("{FAE04EC0-301F-11D3-BF4B-00C04F79EFBC}") = "TestDataCsv", "TestDataCsv\TestDataCsv.csproj", "{E59C3845-24B3-46ED-9A81-FA5F1B042E63}"
EndProject
Global
	GlobalSection(SolutionConfigurationPlatforms) = preSolution
		Debug|Any CPU = Debug|Any CPU
		Release|Any CPU = Release|Any CPU
	EndGlobalSection
	GlobalSection(ProjectConfigurationPlatforms) = postSolution
		{CF762419-1DD5-4075-A71B-65D93A251691}.Debug|Any CPU.ActiveCfg = Debug|Any CPU
		{CF762419-1DD5-4075-A71B-65D93A251691}.Debug|Any CPU.Build.0 = Debug|Any CPU
		{CF762419-1DD5-4075-A71B-65D93A251691}.Release|Any CPU.ActiveCfg = Release|Any CPU
		{CF762419-1DD5-4075-A71B-65D93A251691}.Release|Any CPU.Build.0 = Release|Any CPU
		{E59C3845-24B3-46ED-9A81-FA5F1B042E63}.Debug|Any CPU.ActiveCfg = Debug|Any CPU
		{E59C3845-24B3-46ED-9A81-FA5F1B042E63}.Debug|Any CPU.Build.0 = Debug|Any CPU
		{E59C3845-24B3-46ED-9A81-FA5F1B042E63}.Release|Any CPU.ActiveCfg = Release|Any CPU
		{E59C3845-24B3-46ED-9A81-FA5F1B042E63}.Release|Any CPU.Build.0 = Release|Any CPU
	EndGlobalSection
	GlobalSection(SolutionProperties) = preSolution
		HideSolutionNode = FALSE
	EndGlobalSection
	GlobalSection(ExtensibilityGlobals) = postSolution
		SolutionGuid = {5BC11887-4730-44C6-9BA9-AE2BDAEF7FA7}
	EndGlobalSection
EndGlobal
